
Microsoft Visual Studio Solution File, Format Version 12.00
# Visual Studio 15
Project("{FAE04EC0-301F-11D3-BF4B-00C04F79EFBC}") = "FirstTestingDay1", "FirstTestingDay1\FirstTestingDay1.csproj", "{C660540B-B280-4CA8-A799-7DC0A0C2899C}"
EndProject
Project("{FAE04EC0-301F-11D3-BF4B-00C04F79EFBC}") = "FirstTestingDay1_TESTING", "FirstTestingDay1_TESTING\FirstTestingDay1_TESTING.csproj", "{20651D66-734F-4173-835E-8DA4506FA4F0}"
EndProject
Global
	GlobalSection(SolutionConfigurationPlatforms) = preSolution
		Debug|Any CPU = Debug|Any CPU
		Release|Any CPU = Release|Any CPU
	EndGlobalSection
	GlobalSection(ProjectConfigurationPlatforms) = postSolution
		{C660540B-B280-4CA8-A799-7DC0A0C2899C}.Debug|Any CPU.ActiveCfg = Debug|Any CPU
		{C660540B-B280-4CA8-A799-7DC0A0C2899C}.Debug|Any CPU.Build.0 = Debug|Any CPU
		{C660540B-B280-4CA8-A799-7DC0A0C2899C}.Release|Any CPU.ActiveCfg = Release|Any CPU
		{C660540B-B280-4CA8-A799-7DC0A0C2899C}.Release|Any CPU.Build.0 = Release|Any CPU
		{20651D66-734F-4173-835E-8DA4506FA4F0}.Debug|Any CPU.ActiveCfg = Debug|Any CPU
		{20651D66-734F-4173-835E-8DA4506FA4F0}.Debug|Any CPU.Build.0 = Debug|Any CPU
		{20651D66-734F-4173-835E-8DA4506FA4F0}.Release|Any CPU.ActiveCfg = Release|Any CPU
		{20651D66-734F-4173-835E-8DA4506FA4F0}.Release|Any CPU.Build.0 = Release|Any CPU
	EndGlobalSection
EndGlobal
